// !$*UTF8*$!
{
	archiveVersion = 1;
	classes = {
	};
	objectVersion = 46;
	objects = {

/* Begin PBXBuildFile section */
		3F7D35F01E0A960200B9323A /* AppDelegate.swift in Sources */ = {isa = PBXBuildFile; fileRef = 3F7D35EF1E0A960200B9323A /* AppDelegate.swift */; };
		3F7D35F21E0A960200B9323A /* ViewController.swift in Sources */ = {isa = PBXBuildFile; fileRef = 3F7D35F11E0A960200B9323A /* ViewController.swift */; };
		3F7D35F51E0A960200B9323A /* Main.storyboard in Resources */ = {isa = PBXBuildFile; fileRef = 3F7D35F31E0A960200B9323A /* Main.storyboard */; };
		3F7D35F71E0A960200B9323A /* Assets.xcassets in Resources */ = {isa = PBXBuildFile; fileRef = 3F7D35F61E0A960200B9323A /* Assets.xcassets */; };
		3F7D35FA1E0A960200B9323A /* LaunchScreen.storyboard in Resources */ = {isa = PBXBuildFile; fileRef = 3F7D35F81E0A960200B9323A /* LaunchScreen.storyboard */; };
		3F7D36051E0A960200B9323A /* MindSweeperDemoTests.swift in Sources */ = {isa = PBXBuildFile; fileRef = 3F7D36041E0A960200B9323A /* MindSweeperDemoTests.swift */; };
		3F7D36101E0A960200B9323A /* MindSweeperDemoUITests.swift in Sources */ = {isa = PBXBuildFile; fileRef = 3F7D360F1E0A960200B9323A /* MindSweeperDemoUITests.swift */; };
		3F7D361E1E0A980500B9323A /* Board.swift in Sources */ = {isa = PBXBuildFile; fileRef = 3F7D361D1E0A980500B9323A /* Board.swift */; };
		3F7D36201E0A984600B9323A /* SquareButton.swift in Sources */ = {isa = PBXBuildFile; fileRef = 3F7D361F1E0A984600B9323A /* SquareButton.swift */; };
		3F7D36221E0A984F00B9323A /* Square.swift in Sources */ = {isa = PBXBuildFile; fileRef = 3F7D36211E0A984F00B9323A /* Square.swift */; };
/* End PBXBuildFile section */

/* Begin PBXContainerItemProxy section */
		3F7D36011E0A960200B9323A /* PBXContainerItemProxy */ = {
			isa = PBXContainerItemProxy;
			containerPortal = 3F7D35E41E0A960200B9323A /* Project object */;
			proxyType = 1;
			remoteGlobalIDString = 3F7D35EB1E0A960200B9323A;
			remoteInfo = MindSweeperDemo;
		};
		3F7D360C1E0A960200B9323A /* PBXContainerItemProxy */ = {
			isa = PBXContainerItemProxy;
			containerPortal = 3F7D35E41E0A960200B9323A /* Project object */;
			proxyType = 1;
			remoteGlobalIDString = 3F7D35EB1E0A960200B9323A;
			remoteInfo = MindSweeperDemo;
		};
/* End PBXContainerItemProxy section */

/* Begin PBXFileReference section */
		3F7D35EC1E0A960200B9323A /* MindSweeperDemo.app */ = {isa = PBXFileReference; explicitFileType = wrapper.application; includeInIndex = 0; path = MindSweeperDemo.app; sourceTree = BUILT_PRODUCTS_DIR; };
		3F7D35EF1E0A960200B9323A /* AppDelegate.swift */ = {isa = PBXFileReference; lastKnownFileType = sourcecode.swift; path = AppDelegate.swift; sourceTree = "<group>"; };
		3F7D35F11E0A960200B9323A /* ViewController.swift */ = {isa = PBXFileReference; lastKnownFileType = sourcecode.swift; path = ViewController.swift; sourceTree = "<group>"; };
		3F7D35F41E0A960200B9323A /* Base */ = {isa = PBXFileReference; lastKnownFileType = file.storyboard; name = Base; path = Base.lproj/Main.storyboard; sourceTree = "<group>"; };
		3F7D35F61E0A960200B9323A /* Assets.xcassets */ = {isa = PBXFileReference; lastKnownFileType = folder.assetcatalog; path = Assets.xcassets; sourceTree = "<group>"; };
		3F7D35F91E0A960200B9323A /* Base */ = {isa = PBXFileReference; lastKnownFileType = file.storyboard; name = Base; path = Base.lproj/LaunchScreen.storyboard; sourceTree = "<group>"; };
		3F7D35FB1E0A960200B9323A /* Info.plist */ = {isa = PBXFileReference; lastKnownFileType = text.plist.xml; path = Info.plist; sourceTree = "<group>"; };
		3F7D36001E0A960200B9323A /* MindSweeperDemoTests.xctest */ = {isa = PBXFileReference; explicitFileType = wrapper.cfbundle; includeInIndex = 0; path = MindSweeperDemoTests.xctest; sourceTree = BUILT_PRODUCTS_DIR; };
		3F7D36041E0A960200B9323A /* MindSweeperDemoTests.swift */ = {isa = PBXFileReference; lastKnownFileType = sourcecode.swift; path = MindSweeperDemoTests.swift; sourceTree = "<group>"; };
		3F7D36061E0A960200B9323A /* Info.plist */ = {isa = PBXFileReference; lastKnownFileType = text.plist.xml; path = Info.plist; sourceTree = "<group>"; };
		3F7D360B1E0A960200B9323A /* MindSweeperDemoUITests.xctest */ = {isa = PBXFileReference; explicitFileType = wrapper.cfbundle; includeInIndex = 0; path = MindSweeperDemoUITests.xctest; sourceTree = BUILT_PRODUCTS_DIR; };
		3F7D360F1E0A960200B9323A /* MindSweeperDemoUITests.swift */ = {isa = PBXFileReference; lastKnownFileType = sourcecode.swift; path = MindSweeperDemoUITests.swift; sourceTree = "<group>"; };
		3F7D36111E0A960300B9323A /* Info.plist */ = {isa = PBXFileReference; lastKnownFileType = text.plist.xml; path = Info.plist; sourceTree = "<group>"; };
		3F7D361D1E0A980500B9323A /* Board.swift */ = {isa = PBXFileReference; fileEncoding = 4; lastKnownFileType = sourcecode.swift; path = Board.swift; sourceTree = "<group>"; };
		3F7D361F1E0A984600B9323A /* SquareButton.swift */ = {isa = PBXFileReference; fileEncoding = 4; lastKnownFileType = sourcecode.swift; path = SquareButton.swift; sourceTree = "<group>"; };
		3F7D36211E0A984F00B9323A /* Square.swift */ = {isa = PBXFileReference; fileEncoding = 4; lastKnownFileType = sourcecode.swift; path = Square.swift; sourceTree = "<group>"; };
/* End PBXFileReference section */

/* Begin PBXFrameworksBuildPhase section */
		3F7D35E91E0A960200B9323A /* Frameworks */ = {
			isa = PBXFrameworksBuildPhase;
			buildActionMask = 2147483647;
			files = (
			);
			runOnlyForDeploymentPostprocessing = 0;
		};
		3F7D35FD1E0A960200B9323A /* Frameworks */ = {
			isa = PBXFrameworksBuildPhase;
			buildActionMask = 2147483647;
			files = (
			);
			runOnlyForDeploymentPostprocessing = 0;
		};
		3F7D36081E0A960200B9323A /* Frameworks */ = {
			isa = PBXFrameworksBuildPhase;
			buildActionMask = 2147483647;
			files = (
			);
			runOnlyForDeploymentPostprocessing = 0;
		};
/* End PBXFrameworksBuildPhase section */

/* Begin PBXGroup section */
		3F7D35E31E0A960200B9323A = {
			isa = PBXGroup;
			children = (
				3F7D35EE1E0A960200B9323A /* MindSweeperDemo */,
				3F7D36031E0A960200B9323A /* MindSweeperDemoTests */,
				3F7D360E1E0A960200B9323A /* MindSweeperDemoUITests */,
				3F7D35ED1E0A960200B9323A /* Products */,
			);
			sourceTree = "<group>";
		};
		3F7D35ED1E0A960200B9323A /* Products */ = {
			isa = PBXGroup;
			children = (
				3F7D35EC1E0A960200B9323A /* MindSweeperDemo.app */,
				3F7D36001E0A960200B9323A /* MindSweeperDemoTests.xctest */,
				3F7D360B1E0A960200B9323A /* MindSweeperDemoUITests.xctest */,
			);
			name = Products;
			sourceTree = "<group>";
		};
		3F7D35EE1E0A960200B9323A /* MindSweeperDemo */ = {
			isa = PBXGroup;
			children = (
				3F7D35EF1E0A960200B9323A /* AppDelegate.swift */,
				3F7D35F11E0A960200B9323A /* ViewController.swift */,
				3F7D361D1E0A980500B9323A /* Board.swift */,
				3F7D36211E0A984F00B9323A /* Square.swift */,
				3F7D361F1E0A984600B9323A /* SquareButton.swift */,
				3F7D35F31E0A960200B9323A /* Main.storyboard */,
				3F7D35F61E0A960200B9323A /* Assets.xcassets */,
				3F7D35F81E0A960200B9323A /* LaunchScreen.storyboard */,
				3F7D35FB1E0A960200B9323A /* Info.plist */,
			);
			path = MindSweeperDemo;
			sourceTree = "<group>";
		};
		3F7D36031E0A960200B9323A /* MindSweeperDemoTests */ = {
			isa = PBXGroup;
			children = (
				3F7D36041E0A960200B9323A /* MindSweeperDemoTests.swift */,
				3F7D36061E0A960200B9323A /* Info.plist */,
			);
			path = MindSweeperDemoTests;
			sourceTree = "<group>";
		};
		3F7D360E1E0A960200B9323A /* MindSweeperDemoUITests */ = {
			isa = PBXGroup;
			children = (
				3F7D360F1E0A960200B9323A /* MindSweeperDemoUITests.swift */,
				3F7D36111E0A960300B9323A /* Info.plist */,
			);
			path = MindSweeperDemoUITests;
			sourceTree = "<group>";
		};
/* End PBXGroup section */

/* Begin PBXNativeTarget section */
		3F7D35EB1E0A960200B9323A /* MindSweeperDemo */ = {
			isa = PBXNativeTarget;
			buildConfigurationList = 3F7D36141E0A960300B9323A /* Build configuration list for PBXNativeTarget "MindSweeperDemo" */;
			buildPhases = (
				3F7D35E81E0A960200B9323A /* Sources */,
				3F7D35E91E0A960200B9323A /* Frameworks */,
				3F7D35EA1E0A960200B9323A /* Resources */,
			);
			buildRules = (
			);
			dependencies = (
			);
			name = MindSweeperDemo;
			productName = MindSweeperDemo;
			productReference = 3F7D35EC1E0A960200B9323A /* MindSweeperDemo.app */;
			productType = "com.apple.product-type.application";
		};
		3F7D35FF1E0A960200B9323A /* MindSweeperDemoTests */ = {
			isa = PBXNativeTarget;
			buildConfigurationList = 3F7D36171E0A960300B9323A /* Build configuration list for PBXNativeTarget "MindSweeperDemoTests" */;
			buildPhases = (
				3F7D35FC1E0A960200B9323A /* Sources */,
				3F7D35FD1E0A960200B9323A /* Frameworks */,
				3F7D35FE1E0A960200B9323A /* Resources */,
			);
			buildRules = (
			);
			dependencies = (
				3F7D36021E0A960200B9323A /* PBXTargetDependency */,
			);
			name = MindSweeperDemoTests;
			productName = MindSweeperDemoTests;
			productReference = 3F7D36001E0A960200B9323A /* MindSweeperDemoTests.xctest */;
			productType = "com.apple.product-type.bundle.unit-test";
		};
		3F7D360A1E0A960200B9323A /* MindSweeperDemoUITests */ = {
			isa = PBXNativeTarget;
			buildConfigurationList = 3F7D361A1E0A960300B9323A /* Build configuration list for PBXNativeTarget "MindSweeperDemoUITests" */;
			buildPhases = (
				3F7D36071E0A960200B9323A /* Sources */,
				3F7D36081E0A960200B9323A /* Frameworks */,
				3F7D36091E0A960200B9323A /* Resources */,
			);
			buildRules = (
			);
			dependencies = (
				3F7D360D1E0A960200B9323A /* PBXTargetDependency */,
			);
			name = MindSweeperDemoUITests;
			productName = MindSweeperDemoUITests;
			productReference = 3F7D360B1E0A960200B9323A /* MindSweeperDemoUITests.xctest */;
			productType = "com.apple.product-type.bundle.ui-testing";
		};
/* End PBXNativeTarget section */

/* Begin PBXProject section */
		3F7D35E41E0A960200B9323A /* Project object */ = {
			isa = PBXProject;
			attributes = {
				LastSwiftUpdateCheck = 0800;
				LastUpgradeCheck = 0800;
				ORGANIZATIONNAME = minni;
				TargetAttributes = {
					3F7D35EB1E0A960200B9323A = {
						CreatedOnToolsVersion = 8.0;
						ProvisioningStyle = Manual;
					};
					3F7D35FF1E0A960200B9323A = {
						CreatedOnToolsVersion = 8.0;
						ProvisioningStyle = Automatic;
						TestTargetID = 3F7D35EB1E0A960200B9323A;
					};
					3F7D360A1E0A960200B9323A = {
						CreatedOnToolsVersion = 8.0;
						ProvisioningStyle = Automatic;
						TestTargetID = 3F7D35EB1E0A960200B9323A;
					};
				};
			};
			buildConfigurationList = 3F7D35E71E0A960200B9323A /* Build configuration list for PBXProject "MindSweeperDemo" */;
			compatibilityVersion = "Xcode 3.2";
			developmentRegion = English;
			hasScannedForEncodings = 0;
			knownRegions = (
				en,
				Base,
			);
			mainGroup = 3F7D35E31E0A960200B9323A;
			productRefGroup = 3F7D35ED1E0A960200B9323A /* Products */;
			projectDirPath = "";
			projectRoot = "";
			targets = (
				3F7D35EB1E0A960200B9323A /* MindSweeperDemo */,
				3F7D35FF1E0A960200B9323A /* MindSweeperDemoTests */,
				3F7D360A1E0A960200B9323A /* MindSweeperDemoUITests */,
			);
		};
/* End PBXProject section */

/* Begin PBXResourcesBuildPhase section */
		3F7D35EA1E0A960200B9323A /* Resources */ = {
			isa = PBXResourcesBuildPhase;
			buildActionMask = 2147483647;
			files = (
				3F7D35FA1E0A960200B9323A /* LaunchScreen.storyboard in Resources */,
				3F7D35F71E0A960200B9323A /* Assets.xcassets in Resources */,
				3F7D35F51E0A960200B9323A /* Main.storyboard in Resources */,
			);
			runOnlyForDeploymentPostprocessing = 0;
		};
		3F7D35FE1E0A960200B9323A /* Resources */ = {
			isa = PBXResourcesBuildPhase;
			buildActionMask = 2147483647;
			files = (
			);
			runOnlyForDeploymentPostprocessing = 0;
		};
		3F7D36091E0A960200B9323A /* Resources */ = {
			isa = PBXResourcesBuildPhase;
			buildActionMask = 2147483647;
			files = (
			);
			runOnlyForDeploymentPostprocessing = 0;
		};
/* End PBXResourcesBuildPhase section */

/* Begin PBXSourcesBuildPhase section */
		3F7D35E81E0A960200B9323A /* Sources */ = {
			isa = PBXSourcesBuildPhase;
			buildActionMask = 2147483647;
			files = (
				3F7D36221E0A984F00B9323A /* Square.swift in Sources */,
				3F7D35F21E0A960200B9323A /* ViewController.swift in Sources */,
				3F7D35F01E0A960200B9323A /* AppDelegate.swift in Sources */,
				3F7D36201E0A984600B9323A /* SquareButton.swift in Sources */,
				3F7D361E1E0A980500B9323A /* Board.swift in Sources */,
			);
			runOnlyForDeploymentPostprocessing = 0;
		};
		3F7D35FC1E0A960200B9323A /* Sources */ = {
			isa = PBXSourcesBuildPhase;
			buildActionMask = 2147483647;
			files = (
				3F7D36051E0A960200B9323A /* MindSweeperDemoTests.swift in Sources */,
			);
			runOnlyForDeploymentPostprocessing = 0;
		};
		3F7D36071E0A960200B9323A /* Sources */ = {
			isa = PBXSourcesBuildPhase;
			buildActionMask = 2147483647;
			files = (
				3F7D36101E0A960200B9323A /* MindSweeperDemoUITests.swift in Sources */,
			);
			runOnlyForDeploymentPostprocessing = 0;
		};
/* End PBXSourcesBuildPhase section */

/* Begin PBXTargetDependency section */
		3F7D36021E0A960200B9323A /* PBXTargetDependency */ = {
			isa = PBXTargetDependency;
			target = 3F7D35EB1E0A960200B9323A /* MindSweeperDemo */;
			targetProxy = 3F7D36011E0A960200B9323A /* PBXContainerItemProxy */;
		};
		3F7D360D1E0A960200B9323A /* PBXTargetDependency */ = {
			isa = PBXTargetDependency;
			target = 3F7D35EB1E0A960200B9323A /* MindSweeperDemo */;
			targetProxy = 3F7D360C1E0A960200B9323A /* PBXContainerItemProxy */;
		};
/* End PBXTargetDependency section */

/* Begin PBXVariantGroup section */
		3F7D35F31E0A960200B9323A /* Main.storyboard */ = {
			isa = PBXVariantGroup;
			children = (
				3F7D35F41E0A960200B9323A /* Base */,
			);
			name = Main.storyboard;
			sourceTree = "<group>";
		};
		3F7D35F81E0A960200B9323A /* LaunchScreen.storyboard */ = {
			isa = PBXVariantGroup;
			children = (
				3F7D35F91E0A960200B9323A /* Base */,
			);
			name = LaunchScreen.storyboard;
			sourceTree = "<group>";
		};
/* End PBXVariantGroup section */

/* Begin XCBuildConfiguration section */
		3F7D36121E0A960300B9323A /* Debug */ = {
			isa = XCBuildConfiguration;
			buildSettings = {
				ALWAYS_SEARCH_USER_PATHS = NO;
				CLANG_ANALYZER_NONNULL = YES;
				CLANG_CXX_LANGUAGE_STANDARD = "gnu++0x";
				CLANG_CXX_LIBRARY = "libc++";
				CLANG_ENABLE_MODULES = YES;
				CLANG_ENABLE_OBJC_ARC = YES;
				CLANG_WARN_BOOL_CONVERSION = YES;
				CLANG_WARN_CONSTANT_CONVERSION = YES;
				CLANG_WARN_DIRECT_OBJC_ISA_USAGE = YES_ERROR;
				CLANG_WARN_DOCUMENTATION_COMMENTS = YES;
				CLANG_WARN_EMPTY_BODY = YES;
				CLANG_WARN_ENUM_CONVERSION = YES;
				CLANG_WARN_INFINITE_RECURSION = YES;
				CLANG_WARN_INT_CONVERSION = YES;
				CLANG_WARN_OBJC_ROOT_CLASS = YES_ERROR;
				CLANG_WARN_SUSPICIOUS_MOVES = YES;
				CLANG_WARN_UNREACHABLE_CODE = YES;
				CLANG_WARN__DUPLICATE_METHOD_MATCH = YES;
				CODE_SIGN_IDENTITY = "iPhone Distribution: TRAILHUB, LLC (GN7L9TRT5T)";
				"CODE_SIGN_IDENTITY[sdk=iphoneos*]" = "iPhone Distribution: TRAILHUB, LLC (GN7L9TRT5T)";
				COPY_PHASE_STRIP = NO;
				DEBUG_INFORMATION_FORMAT = dwarf;
				ENABLE_STRICT_OBJC_MSGSEND = YES;
				ENABLE_TESTABILITY = YES;
				GCC_C_LANGUAGE_STANDARD = gnu99;
				GCC_DYNAMIC_NO_PIC = NO;
				GCC_NO_COMMON_BLOCKS = YES;
				GCC_OPTIMIZATION_LEVEL = 0;
				GCC_PREPROCESSOR_DEFINITIONS = (
					"DEBUG=1",
					"$(inherited)",
				);
				GCC_WARN_64_TO_32_BIT_CONVERSION = YES;
				GCC_WARN_ABOUT_RETURN_TYPE = YES_ERROR;
				GCC_WARN_UNDECLARED_SELECTOR = YES;
				GCC_WARN_UNINITIALIZED_AUTOS = YES_AGGRESSIVE;
				GCC_WARN_UNUSED_FUNCTION = YES;
				GCC_WARN_UNUSED_VARIABLE = YES;
				IPHONEOS_DEPLOYMENT_TARGET = 10.0;
				MTL_ENABLE_DEBUG_INFO = YES;
				ONLY_ACTIVE_ARCH = YES;
				PROVISIONING_PROFILE = "50ed38f5-1a64-4a12-bd65-e743e83708ca";
				PROVISIONING_PROFILE_SPECIFIER = TrailHubDist;
				SDKROOT = iphoneos;
				SWIFT_ACTIVE_COMPILATION_CONDITIONS = DEBUG;
				SWIFT_OPTIMIZATION_LEVEL = "-Onone";
			};
			name = Debug;
		};
		3F7D36131E0A960300B9323A /* Release */ = {
			isa = XCBuildConfiguration;
			buildSettings = {
				ALWAYS_SEARCH_USER_PATHS = NO;
				CLANG_ANALYZER_NONNULL = YES;
				CLANG_CXX_LANGUAGE_STANDARD = "gnu++0x";
				CLANG_CXX_LIBRARY = "libc++";
				CLANG_ENABLE_MODULES = YES;
				CLANG_ENABLE_OBJC_ARC = YES;
				CLANG_WARN_BOOL_CONVERSION = YES;
				CLANG_WARN_CONSTANT_CONVERSION = YES;
				CLANG_WARN_DIRECT_OBJC_ISA_USAGE = YES_ERROR;
				CLANG_WARN_DOCUMENTATION_COMMENTS = YES;
				CLANG_WARN_EMPTY_BODY = YES;
				CLANG_WARN_ENUM_CONVERSION = YES;
				CLANG_WARN_INFINITE_RECURSION = YES;
				CLANG_WARN_INT_CONVERSION = YES;
				CLANG_WARN_OBJC_ROOT_CLASS = YES_ERROR;
				CLANG_WARN_SUSPICIOUS_MOVES = YES;
				CLANG_WARN_UNREACHABLE_CODE = YES;
				CLANG_WARN__DUPLICATE_METHOD_MATCH = YES;
				CODE_SIGN_IDENTITY = "iPhone Distribution: TRAILHUB, LLC (GN7L9TRT5T)";
				"CODE_SIGN_IDENTITY[sdk=iphoneos*]" = "iPhone Distribution: TRAILHUB, LLC (GN7L9TRT5T)";
				COPY_PHASE_STRIP = NO;
				DEBUG_INFORMATION_FORMAT = "dwarf-with-dsym";
				ENABLE_NS_ASSERTIONS = NO;
				ENABLE_STRICT_OBJC_MSGSEND = YES;
				GCC_C_LANGUAGE_STANDARD = gnu99;
				GCC_NO_COMMON_BLOCKS = YES;
				GCC_WARN_64_TO_32_BIT_CONVERSION = YES;
				GCC_WARN_ABOUT_RETURN_TYPE = YES_ERROR;
				GCC_WARN_UNDECLARED_SELECTOR = YES;
				GCC_WARN_UNINITIALIZED_AUTOS = YES_AGGRESSIVE;
				GCC_WARN_UNUSED_FUNCTION = YES;
				GCC_WARN_UNUSED_VARIABLE = YES;
				IPHONEOS_DEPLOYMENT_TARGET = 10.0;
				MTL_ENABLE_DEBUG_INFO = NO;
				PROVISIONING_PROFILE = "50ed38f5-1a64-4a12-bd65-e743e83708ca";
				PROVISIONING_PROFILE_SPECIFIER = TrailHubDist;
				SDKROOT = iphoneos;
				SWIFT_OPTIMIZATION_LEVEL = "-Owholemodule";
				VALIDATE_PRODUCT = YES;
			};
			name = Release;
		};
		3F7D36151E0A960300B9323A /* Debug */ = {
			isa = XCBuildConfiguration;
			buildSettings = {
				ASSETCATALOG_COMPILER_APPICON_NAME = AppIcon;
				DEVELOPMENT_TEAM = GN7L9TRT5T;
				INFOPLIST_FILE = MindSweeperDemo/Info.plist;
				IPHONEOS_DEPLOYMENT_TARGET = 8.0;
				LD_RUNPATH_SEARCH_PATHS = "$(inherited) @executable_path/Frameworks";
				PRODUCT_BUNDLE_IDENTIFIER = com.trailHUB;
				PRODUCT_NAME = "$(TARGET_NAME)";
				PROVISIONING_PROFILE = "061c691d-d071-41aa-b1dd-61b458185a72";
				PROVISIONING_PROFILE_SPECIFIER = "XC Ad Hoc: *";
				SWIFT_VERSION = 3.0;
			};
			name = Debug;
		};
		3F7D36161E0A960300B9323A /* Release */ = {
			isa = XCBuildConfiguration;
			buildSettings = {
				ASSETCATALOG_COMPILER_APPICON_NAME = AppIcon;
				DEVELOPMENT_TEAM = "";
				INFOPLIST_FILE = MindSweeperDemo/Info.plist;
				IPHONEOS_DEPLOYMENT_TARGET = 8.0;
				LD_RUNPATH_SEARCH_PATHS = "$(inherited) @executable_path/Frameworks";
				PRODUCT_BUNDLE_IDENTIFIER = com.trailHUB;
				PRODUCT_NAME = "$(TARGET_NAME)";
				PROVISIONING_PROFILE_SPECIFIER = "";
				SWIFT_VERSION = 3.0;
			};
			name = Release;
		};
		3F7D36181E0A960300B9323A /* Debug */ = {
			isa = XCBuildConfiguration;
			buildSettings = {
				ALWAYS_EMBED_SWIFT_STANDARD_LIBRARIES = YES;
				BUNDLE_LOADER = "$(TEST_HOST)";
				INFOPLIST_FILE = MindSweeperDemoTests/Info.plist;
				LD_RUNPATH_SEARCH_PATHS = "$(inherited) @executable_path/Frameworks @loader_path/Frameworks";
				PRODUCT_BUNDLE_IDENTIFIER = com.classic.GraphDots.MindSweeperDemoTests;
				PRODUCT_NAME = "$(TARGET_NAME)";
				SWIFT_VERSION = 3.0;
				TEST_HOST = "$(BUILT_PRODUCTS_DIR)/MindSweeperDemo.app/MindSweeperDemo";
			};
			name = Debug;
		};
		3F7D36191E0A960300B9323A /* Release */ = {
			isa = XCBuildConfiguration;
			buildSettings = {
				ALWAYS_EMBED_SWIFT_STANDARD_LIBRARIES = YES;
				BUNDLE_LOADER = "$(TEST_HOST)";
				INFOPLIST_FILE = MindSweeperDemoTests/Info.plist;
				LD_RUNPATH_SEARCH_PATHS = "$(inherited) @executable_path/Frameworks @loader_path/Frameworks";
				PRODUCT_BUNDLE_IDENTIFIER = com.classic.GraphDots.MindSweeperDemoTests;
				PRODUCT_NAME = "$(TARGET_NAME)";
				SWIFT_VERSION = 3.0;
				TEST_HOST = "$(BUILT_PRODUCTS_DIR)/MindSweeperDemo.app/MindSweeperDemo";
			};
			name = Release;
		};
		3F7D361B1E0A960300B9323A /* Debug */ = {
			isa = XCBuildConfiguration;
			buildSettings = {
				ALWAYS_EMBED_SWIFT_STANDARD_LIBRARIES = YES;
				INFOPLIST_FILE = MindSweeperDemoUITests/Info.plist;
				LD_RUNPATH_SEARCH_PATHS = "$(inherited) @executable_path/Frameworks @loader_path/Frameworks";
				PRODUCT_BUNDLE_IDENTIFIER = com.classic.GraphDots.MindSweeperDemoUITests;
				PRODUCT_NAME = "$(TARGET_NAME)";
				SWIFT_VERSION = 3.0;
				TEST_TARGET_NAME = MindSweeperDemo;
			};
			name = Debug;
		};
		3F7D361C1E0A960300B9323A /* Release */ = {
			isa = XCBuildConfiguration;
			buildSettings = {
				ALWAYS_EMBED_SWIFT_STANDARD_LIBRARIES = YES;
				INFOPLIST_FILE = MindSweeperDemoUITests/Info.plist;
				LD_RUNPATH_SEARCH_PATHS = "$(inherited) @executable_path/Frameworks @loader_path/Frameworks";
				PRODUCT_BUNDLE_IDENTIFIER = com.classic.GraphDots.MindSweeperDemoUITests;
				PRODUCT_NAME = "$(TARGET_NAME)";
				SWIFT_VERSION = 3.0;
				TEST_TARGET_NAME = MindSweeperDemo;
			};
			name = Release;
		};
/* End XCBuildConfiguration section */

/* Begin XCConfigurationList section */
		3F7D35E71E0A960200B9323A /* Build configuration list for PBXProject "MindSweeperDemo" */ = {
			isa = XCConfigurationList;
			buildConfigurations = (
				3F7D36121E0A960300B9323A /* Debug */,
				3F7D36131E0A960300B9323A /* Release */,
			);
			defaultConfigurationIsVisible = 0;
			defaultConfigurationName = Release;
		};
		3F7D36141E0A960300B9323A /* Build configuration list for PBXNativeTarget "MindSweeperDemo" */ = {
			isa = XCConfigurationList;
			buildConfigurations = (
				3F7D36151E0A960300B9323A /* Debug */,
				3F7D36161E0A960300B9323A /* Release */,
			);
			defaultConfigurationIsVisible = 0;
			defaultConfigurationName = Release;
		};
		3F7D36171E0A960300B9323A /* Build configuration list for PBXNativeTarget "MindSweeperDemoTests" */ = {
			isa = XCConfigurationList;
			buildConfigurations = (
				3F7D36181E0A960300B9323A /* Debug */,
				3F7D36191E0A960300B9323A /* Release */,
			);
			defaultConfigurationIsVisible = 0;
			defaultConfigurationName = Release;
		};
		3F7D361A1E0A960300B9323A /* Build configuration list for PBXNativeTarget "MindSweeperDemoUITests" */ = {
			isa = XCConfigurationList;
			buildConfigurations = (
				3F7D361B1E0A960300B9323A /* Debug */,
				3F7D361C1E0A960300B9323A /* Release */,
			);
			defaultConfigurationIsVisible = 0;
			defaultConfigurationName = Release;
		};
/* End XCConfigurationList section */
	};
	rootObject = 3F7D35E41E0A960200B9323A /* Project object */;
}
